
Microsoft Visual Studio Solution File, Format Version 12.00
# Visual Studio Version 16
VisualStudioVersion = 16.0.30114.105
MinimumVisualStudioVersion = 10.0.40219.1
Project("{FAE04EC0-301F-11D3-BF4B-00C04F79EFBC}") = "InventoryLibrary", "InventoryLibrary\InventoryLibrary.csproj", "{C45AAFFF-9F5C-476F-8664-A06D002649C1}"
EndProject
Project("{FAE04EC0-301F-11D3-BF4B-00C04F79EFBC}") = "InventoryManager", "InventoryManager\InventoryManager.csproj", "{FC48B368-B5AF-4A24-8542-F873715D955F}"
EndProject
Global
	GlobalSection(SolutionConfigurationPlatforms) = preSolution
		Debug|Any CPU = Debug|Any CPU
		Release|Any CPU = Release|Any CPU
	EndGlobalSection
	GlobalSection(SolutionProperties) = preSolution
		HideSolutionNode = FALSE
	EndGlobalSection
	GlobalSection(ProjectConfigurationPlatforms) = postSolution
		{C45AAFFF-9F5C-476F-8664-A06D002649C1}.Debug|Any CPU.ActiveCfg = Debug|Any CPU
		{C45AAFFF-9F5C-476F-8664-A06D002649C1}.Debug|Any CPU.Build.0 = Debug|Any CPU
		{C45AAFFF-9F5C-476F-8664-A06D002649C1}.Release|Any CPU.ActiveCfg = Release|Any CPU
		{C45AAFFF-9F5C-476F-8664-A06D002649C1}.Release|Any CPU.Build.0 = Release|Any CPU
		{FC48B368-B5AF-4A24-8542-F873715D955F}.Debug|Any CPU.ActiveCfg = Debug|Any CPU
		{FC48B368-B5AF-4A24-8542-F873715D955F}.Debug|Any CPU.Build.0 = Debug|Any CPU
		{FC48B368-B5AF-4A24-8542-F873715D955F}.Release|Any CPU.ActiveCfg = Release|Any CPU
		{FC48B368-B5AF-4A24-8542-F873715D955F}.Release|Any CPU.Build.0 = Release|Any CPU
	EndGlobalSection
EndGlobal
