
Microsoft Visual Studio Solution File, Format Version 12.00
# Visual Studio Version 16
VisualStudioVersion = 16.0.30114.105
MinimumVisualStudioVersion = 10.0.40219.1
Project("{FAE04EC0-301F-11D3-BF4B-00C04F79EFBC}") = "MyMath", "MyMath\MyMath.csproj", "{1F933512-B3CE-4A58-829E-04DCE5A6242C}"
EndProject
Project("{FAE04EC0-301F-11D3-BF4B-00C04F79EFBC}") = "MyMath.Tests", "MyMath.Tests\MyMath.Tests.csproj", "{80647A5C-7A66-44B1-99EC-A9D04E685D57}"
EndProject
Global
	GlobalSection(SolutionConfigurationPlatforms) = preSolution
		Debug|Any CPU = Debug|Any CPU
		Release|Any CPU = Release|Any CPU
	EndGlobalSection
	GlobalSection(SolutionProperties) = preSolution
		HideSolutionNode = FALSE
	EndGlobalSection
	GlobalSection(ProjectConfigurationPlatforms) = postSolution
		{1F933512-B3CE-4A58-829E-04DCE5A6242C}.Debug|Any CPU.ActiveCfg = Debug|Any CPU
		{1F933512-B3CE-4A58-829E-04DCE5A6242C}.Debug|Any CPU.Build.0 = Debug|Any CPU
		{1F933512-B3CE-4A58-829E-04DCE5A6242C}.Release|Any CPU.ActiveCfg = Release|Any CPU
		{1F933512-B3CE-4A58-829E-04DCE5A6242C}.Release|Any CPU.Build.0 = Release|Any CPU
		{80647A5C-7A66-44B1-99EC-A9D04E685D57}.Debug|Any CPU.ActiveCfg = Debug|Any CPU
		{80647A5C-7A66-44B1-99EC-A9D04E685D57}.Debug|Any CPU.Build.0 = Debug|Any CPU
		{80647A5C-7A66-44B1-99EC-A9D04E685D57}.Release|Any CPU.ActiveCfg = Release|Any CPU
		{80647A5C-7A66-44B1-99EC-A9D04E685D57}.Release|Any CPU.Build.0 = Release|Any CPU
	EndGlobalSection
EndGlobal
