
Microsoft Visual Studio Solution File, Format Version 12.00
# Visual Studio Version 16
VisualStudioVersion = 16.0.30114.105
MinimumVisualStudioVersion = 10.0.40219.1
Project("{FAE04EC0-301F-11D3-BF4B-00C04F79EFBC}") = "MyMath", "MyMath\MyMath.csproj", "{0E7D6B9F-6654-4BA3-84B7-2B443C1EE9A7}"
EndProject
Project("{FAE04EC0-301F-11D3-BF4B-00C04F79EFBC}") = "MyMath.Tests", "MyMath.Tests\MyMath.Tests.csproj", "{76C5CBDD-4DCF-4B33-B8B0-0D5E29E539DF}"
EndProject
Global
	GlobalSection(SolutionConfigurationPlatforms) = preSolution
		Debug|Any CPU = Debug|Any CPU
		Release|Any CPU = Release|Any CPU
	EndGlobalSection
	GlobalSection(SolutionProperties) = preSolution
		HideSolutionNode = FALSE
	EndGlobalSection
	GlobalSection(ProjectConfigurationPlatforms) = postSolution
		{0E7D6B9F-6654-4BA3-84B7-2B443C1EE9A7}.Debug|Any CPU.ActiveCfg = Debug|Any CPU
		{0E7D6B9F-6654-4BA3-84B7-2B443C1EE9A7}.Debug|Any CPU.Build.0 = Debug|Any CPU
		{0E7D6B9F-6654-4BA3-84B7-2B443C1EE9A7}.Release|Any CPU.ActiveCfg = Release|Any CPU
		{0E7D6B9F-6654-4BA3-84B7-2B443C1EE9A7}.Release|Any CPU.Build.0 = Release|Any CPU
		{76C5CBDD-4DCF-4B33-B8B0-0D5E29E539DF}.Debug|Any CPU.ActiveCfg = Debug|Any CPU
		{76C5CBDD-4DCF-4B33-B8B0-0D5E29E539DF}.Debug|Any CPU.Build.0 = Debug|Any CPU
		{76C5CBDD-4DCF-4B33-B8B0-0D5E29E539DF}.Release|Any CPU.ActiveCfg = Release|Any CPU
		{76C5CBDD-4DCF-4B33-B8B0-0D5E29E539DF}.Release|Any CPU.Build.0 = Release|Any CPU
	EndGlobalSection
EndGlobal
